
Microsoft Visual Studio Solution File, Format Version 12.00
# Visual Studio Version 16
VisualStudioVersion = 16.0.29505.145
MinimumVisualStudioVersion = 10.0.40219.1
Project("{FAE04EC0-301F-11D3-BF4B-00C04F79EFBC}") = "Nodsoft.YumeChan.PluginSampleCS", "Nodsoft.YumeChan.PluginSampleCS\Nodsoft.YumeChan.PluginSampleCS.csproj", "{43FB9AD4-37DA-4906-B46B-A7D17EC4B7BF}"
EndProject
Project("{9A19103F-16F7-4668-BE54-9A1E7A4F7556}") = "Nodsoft.YumeChan.PluginBase", "Nodsoft.YumeChan.PluginBase\Nodsoft.YumeChan.PluginBase.csproj", "{643C2A05-96F5-43B7-A84C-3323612ED370}"
EndProject
Global
	GlobalSection(SolutionConfigurationPlatforms) = preSolution
		Debug|Any CPU = Debug|Any CPU
		Release|Any CPU = Release|Any CPU
	EndGlobalSection
	GlobalSection(ProjectConfigurationPlatforms) = postSolution
		{43FB9AD4-37DA-4906-B46B-A7D17EC4B7BF}.Debug|Any CPU.ActiveCfg = Debug|Any CPU
		{43FB9AD4-37DA-4906-B46B-A7D17EC4B7BF}.Debug|Any CPU.Build.0 = Debug|Any CPU
		{43FB9AD4-37DA-4906-B46B-A7D17EC4B7BF}.Release|Any CPU.ActiveCfg = Release|Any CPU
		{43FB9AD4-37DA-4906-B46B-A7D17EC4B7BF}.Release|Any CPU.Build.0 = Release|Any CPU
		{643C2A05-96F5-43B7-A84C-3323612ED370}.Debug|Any CPU.ActiveCfg = Debug|Any CPU
		{643C2A05-96F5-43B7-A84C-3323612ED370}.Debug|Any CPU.Build.0 = Debug|Any CPU
		{643C2A05-96F5-43B7-A84C-3323612ED370}.Release|Any CPU.ActiveCfg = Release|Any CPU
		{643C2A05-96F5-43B7-A84C-3323612ED370}.Release|Any CPU.Build.0 = Release|Any CPU
	EndGlobalSection
	GlobalSection(SolutionProperties) = preSolution
		HideSolutionNode = FALSE
	EndGlobalSection
	GlobalSection(ExtensibilityGlobals) = postSolution
		SolutionGuid = {B9E501A3-F7BF-49D2-B0AC-51FAD1F9BE38}
	EndGlobalSection
EndGlobal
